<Solution>
  <Folder Name="/src/">
    <Project Path="src/AIMonitor.App/AIMonitor.App.csproj" />
    <Project Path="src/AIMonitor.Bridge/AIMonitor.Bridge.csproj" />
    <Project Path="src/AIMonitor.Cli/AIMonitor.Cli.csproj" />
    <Project Path="src/AIMonitor.Core/AIMonitor.Core.csproj" />
    <Project Path="src/AIMonitor.Data/AIMonitor.Data.csproj" />
    <Project Path="src/AIMonitor.Indexing/AIMonitor.Indexing.csproj" />
    <Project Path="src/AIMonitor.Logging/AIMonitor.Logging.csproj" />
    <Project Path="src/AIMonitor.McpServer/AIMonitor.McpServer.csproj" />
    <Project Path="src/AIMonitor.MSBuild/AIMonitor.MSBuild.csproj" />
    <Project Path="src/AIMonitor.Runtime/AIMonitor.Runtime.csproj" />
    <Project Path="src/AIMonitor.Storage/AIMonitor.Storage.csproj" />
    <Project Path="src/AIMonitor.Workflow/AIMonitor.Workflow.csproj" />
  </Folder>
  <Folder Name="/tests/unit/">
    <Project Path="tests/unit/AIMonitor.Core.Tests/AIMonitor.Core.Tests.csproj" />
    <Project Path="tests/unit/AIMonitor.Data.Tests/AIMonitor.Data.Tests.csproj" />
    <Project Path="tests/unit/AIMonitor.Indexing.Tests/AIMonitor.Indexing.Tests.csproj" />
    <Project Path="tests/unit/AIMonitor.Logging.Tests/AIMonitor.Logging.Tests.csproj" />
    <Project Path="tests/unit/AIMonitor.MSBuild.Tests/AIMonitor.MSBuild.Tests.csproj" />
    <Project Path="tests/unit/AIMonitor.Workflow.Tests/AIMonitor.Workflow.Tests.csproj" />
  </Folder>
  <Folder Name="/tests/integration/">
    <Project Path="tests/integration/AIMonitor.Integration.Tests/AIMonitor.Integration.Tests.csproj" />
  </Folder>
  <Folder Name="/tests/smoke/">
    <Project Path="tests/smoke/AIMonitor.LanguageCorpusSmokeTests/AIMonitor.LanguageCorpusSmokeTests.csproj" />
    <Project Path="tests/smoke/AIMonitor.SmokeTests/AIMonitor.SmokeTests.csproj" />
    <Project Path="tests/smoke/AIMonitor.ToolSmokeTests/AIMonitor.ToolSmokeTests.csproj" />
  </Folder>
  <Folder Name="/tests/fixtures/">
    <File Path="tests/fixtures/README.md" />
  </Folder>
  <Folder Name="/samples/watched-solutions/">
    <File Path="samples/watched-solutions/README.md" />
  </Folder>
  <Folder Name="/docs/root/">
    <File Path="README.md" />
    <File Path="AGENTS.md" />
    <File Path="CLAUDE.md" />
  </Folder>
  <Folder Name="/docs/architecture/">
    <File Path="docs/architecture/DataSubsystem.md" />
    <File Path="docs/architecture/MSBuildFirst.md" />
    <File Path="docs/architecture/V2Architecture.md" />
  </Folder>
  <Folder Name="/docs/decisions/">
    <File Path="docs/decisions/0001-name-and-scope.md" />
  </Folder>
  <Folder Name="/docs/feature-maps/">
    <File Path="docs/feature-maps/README.md" />
  </Folder>
  <Folder Name="/docs/findings/">
    <File Path="docs/findings/README.md" />
  </Folder>
  <Folder Name="/docs/setup/">
    <File Path="docs/setup/LocalSetup.md" />
  </Folder>
  <Folder Name="/docs/workflows/">
    <File Path="docs/workflows/SafeEditWorkflow.md" />
  </Folder>
  <Folder Name="/config/">
    <File Path="config/appsettings.template.json" />
    <File Path="config/mcp.template.json" />
  </Folder>
</Solution>
