<Solution>
  <Project Path="src/AIMonitor.App/AIMonitor.App.csproj" />
  <Project Path="src/AIMonitor.Bridge/AIMonitor.Bridge.csproj" />
  <Project Path="src/AIMonitor.Cli/AIMonitor.Cli.csproj" />
  <Project Path="src/AIMonitor.Core/AIMonitor.Core.csproj" />
  <Project Path="src/AIMonitor.Indexing/AIMonitor.Indexing.csproj" />
  <Project Path="src/AIMonitor.McpServer/AIMonitor.McpServer.csproj" />
  <Project Path="src/AIMonitor.MSBuild/AIMonitor.MSBuild.csproj" />
  <Project Path="src/AIMonitor.Runtime/AIMonitor.Runtime.csproj" />
  <Project Path="src/AIMonitor.Storage/AIMonitor.Storage.csproj" />
  <Project Path="src/AIMonitor.Workflow/AIMonitor.Workflow.csproj" />
  <Project Path="tests/integration/AIMonitor.Integration.Tests/AIMonitor.Integration.Tests.csproj" />
  <Project Path="tests/smoke/AIMonitor.SmokeTests/AIMonitor.SmokeTests.csproj" />
  <Project Path="tests/unit/AIMonitor.Core.Tests/AIMonitor.Core.Tests.csproj" />
  <Project Path="tests/unit/AIMonitor.Indexing.Tests/AIMonitor.Indexing.Tests.csproj" />
  <Project Path="tests/unit/AIMonitor.MSBuild.Tests/AIMonitor.MSBuild.Tests.csproj" />
  <Project Path="tests/unit/AIMonitor.Workflow.Tests/AIMonitor.Workflow.Tests.csproj" />
</Solution>
